{
  "version": 4,
  "terraform_version": "1.5.0",
  "serial": 1,
  "lineage": "test-lineage",
  "resources": [
    {
      "mode": "managed",
      "type": "cloudflare_zero_trust_access_application",
      "name": "basic_app",
      "provider": "provider[\"registry.terraform.io/cloudflare/cloudflare\"]",
      "instances": [
        {
          "schema_version": 0,
          "attributes": {
            "id": "app-basic-123",
            "account_id": "f037e56e89293a057740de681ac9abbe",
            "name": "Basic Application",
            "domain": "basic.example.com",
            "type": "self_hosted",
            "session_duration": "24h",
            "domain_type": "public",
            "auto_redirect_to_identity": false,
            "enable_binding_cookie": true
          }
        }
      ]
    }
  ]
}