{
  "version": 4,
  "terraform_version": "1.5.0",
  "serial": 3,
  "lineage": "test-lineage-complete",
  "resources": [
    {
      "mode": "managed",
      "type": "cloudflare_zero_trust_access_application",
      "name": "complete_app",
      "provider": "provider[\"registry.terraform.io/cloudflare/cloudflare\"]",
      "instances": [
        {
          "schema_version": 0,
          "attributes": {
            "id": "app-complete-456",
            "account_id": "f037e56e89293a057740de681ac9abbe",
            "name": "Complete Application",
            "domain": "complete.example.com",
            "type": "self_hosted",
            "session_duration": "12h",
            "domain_type": "public",
            "auto_redirect_to_identity": true,
            "enable_binding_cookie": false,
            "http_only_cookie_attribute": true,
            "same_site_cookie_attribute": "lax",
            "custom_deny_message": "Access denied to this application",
            "custom_deny_url": "https://example.com/denied",
            "skip_interstitial": true,
            "logo_url": "https://example.com/logo.png",
            "app_launcher_visible": true,
            "service_auth_401_redirect": false,
            "custom_non_identity_deny_url": "https://example.com/non-identity-denied",
            "allowed_idps": ["idp-1", "idp-2", "idp-3"],
            "destinations": [
              {
                "uri": "https://app1.example.com"
              },
              {
                "uri": "tcp://db.example.com:5432"
              },
              {
                "uri": "ssh://server.example.com:22"
              }
            ],
            "policies": ["policy-abc-123", "policy-def-456", "literal-policy-id-123"],
            "cors_headers": [
              {
                "allowed_methods": ["GET", "POST", "OPTIONS"],
                "allowed_origins": ["https://example.com"],
                "allow_credentials": true,
                "max_age": 86400
              }
            ],
            "saas_app": [
              {
                "sp_entity_id": "https://example.com/saml",
                "consumer_service_url": "https://example.com/saml/acs",
                "name_id_format": "email",
                "default_relay_state": "https://example.com/dashboard",
                "custom_attributes": [
                  {
                    "name": "department",
                    "source": {
                      "name": "user.department"
                    }
                  },
                  {
                    "name": "role",
                    "source": {
                      "name": "user.role"
                    }
                  }
                ]
              }
            ],
            "tags": ["production", "critical", "external"],
            "aud": "aud-complete-789",
            "created_at": "2024-01-01T00:00:00Z",
            "updated_at": "2024-01-02T00:00:00Z"
          }
        }
      ]
    },
    {
      "mode": "managed",
      "type": "cloudflare_zero_trust_access_application",
      "name": "app_launcher_type",
      "provider": "provider[\"registry.terraform.io/cloudflare/cloudflare\"]",
      "instances": [
        {
          "schema_version": 0,
          "attributes": {
            "id": "app-launcher-789",
            "account_id": "f037e56e89293a057740de681ac9abbe",
            "name": "App Launcher Application",
            "type": "app_launcher",
            "skip_app_launcher_login_page": true,
            "app_launcher_visible": true,
            "logo_url": "https://example.com/launcher-logo.png",
            "aud": "aud-launcher-012",
            "created_at": "2024-01-01T00:00:00Z",
            "updated_at": "2024-01-01T00:00:00Z"
          }
        }
      ]
    },
    {
      "mode": "managed",
      "type": "cloudflare_zero_trust_access_application",
      "name": "warp_type",
      "provider": "provider[\"registry.terraform.io/cloudflare/cloudflare\"]",
      "instances": [
        {
          "schema_version": 0,
          "attributes": {
            "id": "app-warp-345",
            "account_id": "f037e56e89293a057740de681ac9abbe",
            "name": "WARP Application",
            "type": "warp",
            "domain_type": "private",
            "allowed_idps": [],
            "skip_app_launcher_login_page": false,
            "destinations": [
              {
                "uri": "10.0.0.0/8"
              }
            ],
            "aud": "aud-warp-678",
            "created_at": "2024-01-01T00:00:00Z",
            "updated_at": "2024-01-01T00:00:00Z"
          }
        }
      ]
    },
    {
      "mode": "managed",
      "type": "cloudflare_zero_trust_access_policy",
      "name": "allow_policy",
      "provider": "provider[\"registry.terraform.io/cloudflare/cloudflare\"]",
      "instances": [
        {
          "schema_version": 0,
          "attributes": {
            "id": "policy-abc-123",
            "account_id": "f037e56e89293a057740de681ac9abbe",
            "name": "Allow Policy",
            "decision": "allow",
            "include": [
              {
                "everyone": true
              }
            ]
          }
        }
      ]
    },
    {
      "mode": "managed",
      "type": "cloudflare_zero_trust_access_policy",
      "name": "deny_policy",
      "provider": "provider[\"registry.terraform.io/cloudflare/cloudflare\"]",
      "instances": [
        {
          "schema_version": 0,
          "attributes": {
            "id": "policy-def-456",
            "account_id": "f037e56e89293a057740de681ac9abbe",
            "name": "Deny Policy",
            "decision": "deny",
            "include": [
              {
                "everyone": true
              }
            ]
          }
        }
      ]
    }
  ]
}