{
  "lineage": "test-lineage-complete",
  "resources": [
    {
      "instances": [
        {
          "attributes": {
            "account_id": "f037e56e89293a057740de681ac9abbe",
            "allowed_idps": [
              "idp-1",
              "idp-2",
              "idp-3"
            ],
            "app_launcher_visible": true,
            "aud": "aud-complete-789",
            "auto_redirect_to_identity": true,
            "cors_headers": [
              {
                "allow_credentials": true,
                "allowed_methods": [
                  "GET",
                  "POST",
                  "OPTIONS"
                ],
                "allowed_origins": [
                  "https://example.com"
                ],
                "max_age": 86400
              }
            ],
            "created_at": "2024-01-01T00:00:00Z",
            "custom_deny_message": "Access denied to this application",
            "custom_deny_url": "https://example.com/denied",
            "custom_non_identity_deny_url": "https://example.com/non-identity-denied",
            "destinations": [
              {
                "uri": "https://app1.example.com"
              },
              {
                "uri": "tcp://db.example.com:5432"
              },
              {
                "uri": "ssh://server.example.com:22"
              }
            ],
            "domain": "complete.example.com",
            "enable_binding_cookie": false,
            "http_only_cookie_attribute": true,
            "id": "app-complete-456",
            "logo_url": "https://example.com/logo.png",
            "name": "Complete Application",
            "policies": [
              "policy-abc-123",
              "policy-def-456",
              "literal-policy-id-123"
            ],
            "saas_app": [
              {
                "consumer_service_url": "https://example.com/saml/acs",
                "custom_attributes": [
                  {
                    "name": "department",
                    "source": {
                      "name": "user.department"
                    }
                  },
                  {
                    "name": "role",
                    "source": {
                      "name": "user.role"
                    }
                  }
                ],
                "default_relay_state": "https://example.com/dashboard",
                "name_id_format": "email",
                "sp_entity_id": "https://example.com/saml"
              }
            ],
            "same_site_cookie_attribute": "lax",
            "service_auth_401_redirect": false,
            "session_duration": "12h",
            "skip_interstitial": true,
            "tags": [
              "production",
              "critical",
              "external"
            ],
            "type": "self_hosted",
            "updated_at": "2024-01-02T00:00:00Z"
          },
          "schema_version": 1
        }
      ],
      "mode": "managed",
      "name": "complete_app",
      "provider": "provider[\"registry.terraform.io/cloudflare/cloudflare\"]",
      "type": "cloudflare_zero_trust_access_application"
    },
    {
      "instances": [
        {
          "attributes": {
            "account_id": "f037e56e89293a057740de681ac9abbe",
            "app_launcher_visible": true,
            "aud": "aud-launcher-012",
            "created_at": "2024-01-01T00:00:00Z",
            "id": "app-launcher-789",
            "logo_url": "https://example.com/launcher-logo.png",
            "name": "App Launcher Application",
            "skip_app_launcher_login_page": true,
            "type": "app_launcher",
            "updated_at": "2024-01-01T00:00:00Z"
          },
          "schema_version": 1
        }
      ],
      "mode": "managed",
      "name": "app_launcher_type",
      "provider": "provider[\"registry.terraform.io/cloudflare/cloudflare\"]",
      "type": "cloudflare_zero_trust_access_application"
    },
    {
      "instances": [
        {
          "attributes": {
            "account_id": "f037e56e89293a057740de681ac9abbe",
            "allowed_idps": [],
            "aud": "aud-warp-678",
            "created_at": "2024-01-01T00:00:00Z",
            "destinations": [
              {
                "uri": "10.0.0.0/8"
              }
            ],
            "id": "app-warp-345",
            "name": "WARP Application",
            "type": "warp",
            "updated_at": "2024-01-01T00:00:00Z"
          },
          "schema_version": 1
        }
      ],
      "mode": "managed",
      "name": "warp_type",
      "provider": "provider[\"registry.terraform.io/cloudflare/cloudflare\"]",
      "type": "cloudflare_zero_trust_access_application"
    },
    {
      "instances": [
        {
          "attributes": {
            "account_id": "f037e56e89293a057740de681ac9abbe",
            "decision": "allow",
            "id": "policy-abc-123",
            "include": [
              {
                "everyone": true
              }
            ],
            "name": "Allow Policy"
          },
          "schema_version": 0
        }
      ],
      "mode": "managed",
      "name": "allow_policy",
      "provider": "provider[\"registry.terraform.io/cloudflare/cloudflare\"]",
      "type": "cloudflare_zero_trust_access_policy"
    },
    {
      "instances": [
        {
          "attributes": {
            "account_id": "f037e56e89293a057740de681ac9abbe",
            "decision": "deny",
            "id": "policy-def-456",
            "include": [
              {
                "everyone": true
              }
            ],
            "name": "Deny Policy"
          },
          "schema_version": 0
        }
      ],
      "mode": "managed",
      "name": "deny_policy",
      "provider": "provider[\"registry.terraform.io/cloudflare/cloudflare\"]",
      "type": "cloudflare_zero_trust_access_policy"
    }
  ],
  "serial": 3,
  "terraform_version": "1.5.0",
  "version": 4
}